
Microsoft Visual Studio Solution File, Format Version 12.00
# Visual Studio Version 16
VisualStudioVersion = 16.0.31729.503
MinimumVisualStudioVersion = 10.0.40219.1
Project("{FAE04EC0-301F-11D3-BF4B-00C04F79EFBC}") = "LeetCode-CSharp", "LeetCode-CSharp.csproj", "{53578F22-104A-410B-B44B-5FD417BFFAE1}"
EndProject
Global
	GlobalSection(SolutionConfigurationPlatforms) = preSolution
		Debug|Any CPU = Debug|Any CPU
		Release|Any CPU = Release|Any CPU
	EndGlobalSection
	GlobalSection(ProjectConfigurationPlatforms) = postSolution
		{53578F22-104A-410B-B44B-5FD417BFFAE1}.Debug|Any CPU.ActiveCfg = Debug|Any CPU
		{53578F22-104A-410B-B44B-5FD417BFFAE1}.Debug|Any CPU.Build.0 = Debug|Any CPU
		{53578F22-104A-410B-B44B-5FD417BFFAE1}.Release|Any CPU.ActiveCfg = Release|Any CPU
		{53578F22-104A-410B-B44B-5FD417BFFAE1}.Release|Any CPU.Build.0 = Release|Any CPU
	EndGlobalSection
	GlobalSection(SolutionProperties) = preSolution
		HideSolutionNode = FALSE
	EndGlobalSection
	GlobalSection(ExtensibilityGlobals) = postSolution
		SolutionGuid = {FE2FA6E9-8F06-4399-A6C0-FCD0E5F4A842}
	EndGlobalSection
EndGlobal
